
Microsoft Visual Studio Solution File, Format Version 12.00
# Visual Studio 2013
VisualStudioVersion = 12.0.31101.0
MinimumVisualStudioVersion = 10.0.40219.1
Project("{E24C65DC-7377-472B-9ABA-BC803B73C61A}") = "HTML5-Image-Editor", "http://localhost:63648", "{198D0F96-DC08-4238-A027-C4B3C7A90245}"
	ProjectSection(WebsiteProperties) = preProject
		UseIISExpress = "true"
		TargetFrameworkMoniker = ".NETFramework,Version%3Dv4.5"
		Debug.AspNetCompiler.VirtualPath = "/localhost_63648"
		Debug.AspNetCompiler.PhysicalPath = "..\HTML5-Image-Editor\"
		Debug.AspNetCompiler.TargetPath = "PrecompiledWeb\localhost_63648\"
		Debug.AspNetCompiler.Updateable = "true"
		Debug.AspNetCompiler.ForceOverwrite = "true"
		Debug.AspNetCompiler.FixedNames = "false"
		Debug.AspNetCompiler.Debug = "True"
		Release.AspNetCompiler.VirtualPath = "/localhost_63648"
		Release.AspNetCompiler.PhysicalPath = "..\HTML5-Image-Editor\"
		Release.AspNetCompiler.TargetPath = "PrecompiledWeb\localhost_63648\"
		Release.AspNetCompiler.Updateable = "true"
		Release.AspNetCompiler.ForceOverwrite = "true"
		Release.AspNetCompiler.FixedNames = "false"
		Release.AspNetCompiler.Debug = "False"
		SlnRelativePath = "..\HTML5-Image-Editor\"
	EndProjectSection
EndProject
Global
	GlobalSection(SolutionConfigurationPlatforms) = preSolution
		Debug|Any CPU = Debug|Any CPU
	EndGlobalSection
	GlobalSection(ProjectConfigurationPlatforms) = postSolution
		{198D0F96-DC08-4238-A027-C4B3C7A90245}.Debug|Any CPU.ActiveCfg = Debug|Any CPU
		{198D0F96-DC08-4238-A027-C4B3C7A90245}.Debug|Any CPU.Build.0 = Debug|Any CPU
	EndGlobalSection
	GlobalSection(SolutionProperties) = preSolution
		HideSolutionNode = FALSE
	EndGlobalSection
EndGlobal
